
Microsoft Visual Studio Solution File, Format Version 12.00
# Visual Studio 15
VisualStudioVersion = 15.0.27004.2005
MinimumVisualStudioVersion = 10.0.40219.1
Project("{FAE04EC0-301F-11D3-BF4B-00C04F79EFBC}") = "Kursovik", "Kursovik\Kursovik.csproj", "{BB7244F0-DA3F-4152-B1F7-2D771FEF867E}"
EndProject
Global
	GlobalSection(SolutionConfigurationPlatforms) = preSolution
		Debug|Any CPU = Debug|Any CPU
		Release|Any CPU = Release|Any CPU
	EndGlobalSection
	GlobalSection(ProjectConfigurationPlatforms) = postSolution
		{BB7244F0-DA3F-4152-B1F7-2D771FEF867E}.Debug|Any CPU.ActiveCfg = Debug|Any CPU
		{BB7244F0-DA3F-4152-B1F7-2D771FEF867E}.Debug|Any CPU.Build.0 = Debug|Any CPU
		{BB7244F0-DA3F-4152-B1F7-2D771FEF867E}.Release|Any CPU.ActiveCfg = Release|Any CPU
		{BB7244F0-DA3F-4152-B1F7-2D771FEF867E}.Release|Any CPU.Build.0 = Release|Any CPU
	EndGlobalSection
	GlobalSection(SolutionProperties) = preSolution
		HideSolutionNode = FALSE
	EndGlobalSection
	GlobalSection(ExtensibilityGlobals) = postSolution
		SolutionGuid = {34C0B516-218D-4A1B-8E2C-8823A3DA0CC0}
	EndGlobalSection
EndGlobal
